// !$*UTF8*$!
{
	archiveVersion = 1;
	classes = {
	};
	objectVersion = 46;
	objects = {

/* Begin PBXBuildFile section */
		8493FAB51DC05CB200503928 /* AppDelegate.swift in Sources */ = {isa = PBXBuildFile; fileRef = 8493FAB41DC05CB200503928 /* AppDelegate.swift */; };
		8493FAB71DC05CB200503928 /* ViewController.swift in Sources */ = {isa = PBXBuildFile; fileRef = 8493FAB61DC05CB200503928 /* ViewController.swift */; };
		8493FABA1DC05CB200503928 /* Main.storyboard in Resources */ = {isa = PBXBuildFile; fileRef = 8493FAB81DC05CB200503928 /* Main.storyboard */; };
		8493FABD1DC05CB200503928 /* MemoryLane.xcdatamodeld in Sources */ = {isa = PBXBuildFile; fileRef = 8493FABB1DC05CB200503928 /* MemoryLane.xcdatamodeld */; };
		8493FABF1DC05CB200503928 /* Assets.xcassets in Resources */ = {isa = PBXBuildFile; fileRef = 8493FABE1DC05CB200503928 /* Assets.xcassets */; };
		8493FAC21DC05CB200503928 /* LaunchScreen.storyboard in Resources */ = {isa = PBXBuildFile; fileRef = 8493FAC01DC05CB200503928 /* LaunchScreen.storyboard */; };
		8493FACD1DC05CB200503928 /* MemoryLaneTests.swift in Sources */ = {isa = PBXBuildFile; fileRef = 8493FACC1DC05CB200503928 /* MemoryLaneTests.swift */; };
/* End PBXBuildFile section */

/* Begin PBXContainerItemProxy section */
		8493FAC91DC05CB200503928 /* PBXContainerItemProxy */ = {
			isa = PBXContainerItemProxy;
			containerPortal = 8493FAA91DC05CB200503928 /* Project object */;
			proxyType = 1;
			remoteGlobalIDString = 8493FAB01DC05CB200503928;
			remoteInfo = MemoryLane;
		};
/* End PBXContainerItemProxy section */

/* Begin PBXFileReference section */
		8493FAB11DC05CB200503928 /* MemoryLane.app */ = {isa = PBXFileReference; explicitFileType = wrapper.application; includeInIndex = 0; path = MemoryLane.app; sourceTree = BUILT_PRODUCTS_DIR; };
		8493FAB41DC05CB200503928 /* AppDelegate.swift */ = {isa = PBXFileReference; lastKnownFileType = sourcecode.swift; path = AppDelegate.swift; sourceTree = "<group>"; };
		8493FAB61DC05CB200503928 /* ViewController.swift */ = {isa = PBXFileReference; lastKnownFileType = sourcecode.swift; path = ViewController.swift; sourceTree = "<group>"; };
		8493FAB91DC05CB200503928 /* Base */ = {isa = PBXFileReference; lastKnownFileType = file.storyboard; name = Base; path = Base.lproj/Main.storyboard; sourceTree = "<group>"; };
		8493FABC1DC05CB200503928 /* MemoryLane.xcdatamodel */ = {isa = PBXFileReference; lastKnownFileType = wrapper.xcdatamodel; path = MemoryLane.xcdatamodel; sourceTree = "<group>"; };
		8493FABE1DC05CB200503928 /* Assets.xcassets */ = {isa = PBXFileReference; lastKnownFileType = folder.assetcatalog; path = Assets.xcassets; sourceTree = "<group>"; };
		8493FAC11DC05CB200503928 /* Base */ = {isa = PBXFileReference; lastKnownFileType = file.storyboard; name = Base; path = Base.lproj/LaunchScreen.storyboard; sourceTree = "<group>"; };
		8493FAC31DC05CB200503928 /* Info.plist */ = {isa = PBXFileReference; lastKnownFileType = text.plist.xml; path = Info.plist; sourceTree = "<group>"; };
		8493FAC81DC05CB200503928 /* MemoryLaneTests.xctest */ = {isa = PBXFileReference; explicitFileType = wrapper.cfbundle; includeInIndex = 0; path = MemoryLaneTests.xctest; sourceTree = BUILT_PRODUCTS_DIR; };
		8493FACC1DC05CB200503928 /* MemoryLaneTests.swift */ = {isa = PBXFileReference; lastKnownFileType = sourcecode.swift; path = MemoryLaneTests.swift; sourceTree = "<group>"; };
		8493FACE1DC05CB200503928 /* Info.plist */ = {isa = PBXFileReference; lastKnownFileType = text.plist.xml; path = Info.plist; sourceTree = "<group>"; };
/* End PBXFileReference section */

/* Begin PBXFrameworksBuildPhase section */
		8493FAAE1DC05CB200503928 /* Frameworks */ = {
			isa = PBXFrameworksBuildPhase;
			buildActionMask = 2147483647;
			files = (
			);
			runOnlyForDeploymentPostprocessing = 0;
		};
		8493FAC51DC05CB200503928 /* Frameworks */ = {
			isa = PBXFrameworksBuildPhase;
			buildActionMask = 2147483647;
			files = (
			);
			runOnlyForDeploymentPostprocessing = 0;
		};
/* End PBXFrameworksBuildPhase section */

/* Begin PBXGroup section */
		8493FAA81DC05CB200503928 = {
			isa = PBXGroup;
			children = (
				8493FAB31DC05CB200503928 /* MemoryLane */,
				8493FACB1DC05CB200503928 /* MemoryLaneTests */,
				8493FAB21DC05CB200503928 /* Products */,
			);
			sourceTree = "<group>";
		};
		8493FAB21DC05CB200503928 /* Products */ = {
			isa = PBXGroup;
			children = (
				8493FAB11DC05CB200503928 /* MemoryLane.app */,
				8493FAC81DC05CB200503928 /* MemoryLaneTests.xctest */,
			);
			name = Products;
			sourceTree = "<group>";
		};
		8493FAB31DC05CB200503928 /* MemoryLane */ = {
			isa = PBXGroup;
			children = (
				8493FAB41DC05CB200503928 /* AppDelegate.swift */,
				8493FAB61DC05CB200503928 /* ViewController.swift */,
				8493FAB81DC05CB200503928 /* Main.storyboard */,
				8493FABE1DC05CB200503928 /* Assets.xcassets */,
				8493FAC01DC05CB200503928 /* LaunchScreen.storyboard */,
				8493FAC31DC05CB200503928 /* Info.plist */,
				8493FABB1DC05CB200503928 /* MemoryLane.xcdatamodeld */,
			);
			path = MemoryLane;
			sourceTree = "<group>";
		};
		8493FACB1DC05CB200503928 /* MemoryLaneTests */ = {
			isa = PBXGroup;
			children = (
				8493FACC1DC05CB200503928 /* MemoryLaneTests.swift */,
				8493FACE1DC05CB200503928 /* Info.plist */,
			);
			path = MemoryLaneTests;
			sourceTree = "<group>";
		};
/* End PBXGroup section */

/* Begin PBXNativeTarget section */
		8493FAB01DC05CB200503928 /* MemoryLane */ = {
			isa = PBXNativeTarget;
			buildConfigurationList = 8493FAD11DC05CB200503928 /* Build configuration list for PBXNativeTarget "MemoryLane" */;
			buildPhases = (
				8493FAAD1DC05CB200503928 /* Sources */,
				8493FAAE1DC05CB200503928 /* Frameworks */,
				8493FAAF1DC05CB200503928 /* Resources */,
			);
			buildRules = (
			);
			dependencies = (
			);
			name = MemoryLane;
			productName = MemoryLane;
			productReference = 8493FAB11DC05CB200503928 /* MemoryLane.app */;
			productType = "com.apple.product-type.application";
		};
		8493FAC71DC05CB200503928 /* MemoryLaneTests */ = {
			isa = PBXNativeTarget;
			buildConfigurationList = 8493FAD41DC05CB200503928 /* Build configuration list for PBXNativeTarget "MemoryLaneTests" */;
			buildPhases = (
				8493FAC41DC05CB200503928 /* Sources */,
				8493FAC51DC05CB200503928 /* Frameworks */,
				8493FAC61DC05CB200503928 /* Resources */,
			);
			buildRules = (
			);
			dependencies = (
				8493FACA1DC05CB200503928 /* PBXTargetDependency */,
			);
			name = MemoryLaneTests;
			productName = MemoryLaneTests;
			productReference = 8493FAC81DC05CB200503928 /* MemoryLaneTests.xctest */;
			productType = "com.apple.product-type.bundle.unit-test";
		};
/* End PBXNativeTarget section */

/* Begin PBXProject section */
		8493FAA91DC05CB200503928 /* Project object */ = {
			isa = PBXProject;
			attributes = {
				LastSwiftUpdateCheck = 0800;
				LastUpgradeCheck = 0800;
				ORGANIZATIONNAME = "Kevin Chen";
				TargetAttributes = {
					8493FAB01DC05CB200503928 = {
						CreatedOnToolsVersion = 8.0;
						DevelopmentTeam = 7862VV7A86;
						ProvisioningStyle = Automatic;
					};
					8493FAC71DC05CB200503928 = {
						CreatedOnToolsVersion = 8.0;
						DevelopmentTeam = 7862VV7A86;
						ProvisioningStyle = Automatic;
						TestTargetID = 8493FAB01DC05CB200503928;
					};
				};
			};
			buildConfigurationList = 8493FAAC1DC05CB200503928 /* Build configuration list for PBXProject "MemoryLane" */;
			compatibilityVersion = "Xcode 3.2";
			developmentRegion = English;
			hasScannedForEncodings = 0;
			knownRegions = (
				en,
				Base,
			);
			mainGroup = 8493FAA81DC05CB200503928;
			productRefGroup = 8493FAB21DC05CB200503928 /* Products */;
			projectDirPath = "";
			projectRoot = "";
			targets = (
				8493FAB01DC05CB200503928 /* MemoryLane */,
				8493FAC71DC05CB200503928 /* MemoryLaneTests */,
			);
		};
/* End PBXProject section */

/* Begin PBXResourcesBuildPhase section */
		8493FAAF1DC05CB200503928 /* Resources */ = {
			isa = PBXResourcesBuildPhase;
			buildActionMask = 2147483647;
			files = (
				8493FAC21DC05CB200503928 /* LaunchScreen.storyboard in Resources */,
				8493FABF1DC05CB200503928 /* Assets.xcassets in Resources */,
				8493FABA1DC05CB200503928 /* Main.storyboard in Resources */,
			);
			runOnlyForDeploymentPostprocessing = 0;
		};
		8493FAC61DC05CB200503928 /* Resources */ = {
			isa = PBXResourcesBuildPhase;
			buildActionMask = 2147483647;
			files = (
			);
			runOnlyForDeploymentPostprocessing = 0;
		};
/* End PBXResourcesBuildPhase section */

/* Begin PBXSourcesBuildPhase section */
		8493FAAD1DC05CB200503928 /* Sources */ = {
			isa = PBXSourcesBuildPhase;
			buildActionMask = 2147483647;
			files = (
				8493FAB71DC05CB200503928 /* ViewController.swift in Sources */,
				8493FAB51DC05CB200503928 /* AppDelegate.swift in Sources */,
				8493FABD1DC05CB200503928 /* MemoryLane.xcdatamodeld in Sources */,
			);
			runOnlyForDeploymentPostprocessing = 0;
		};
		8493FAC41DC05CB200503928 /* Sources */ = {
			isa = PBXSourcesBuildPhase;
			buildActionMask = 2147483647;
			files = (
				8493FACD1DC05CB200503928 /* MemoryLaneTests.swift in Sources */,
			);
			runOnlyForDeploymentPostprocessing = 0;
		};
/* End PBXSourcesBuildPhase section */

/* Begin PBXTargetDependency section */
		8493FACA1DC05CB200503928 /* PBXTargetDependency */ = {
			isa = PBXTargetDependency;
			target = 8493FAB01DC05CB200503928 /* MemoryLane */;
			targetProxy = 8493FAC91DC05CB200503928 /* PBXContainerItemProxy */;
		};
/* End PBXTargetDependency section */

/* Begin PBXVariantGroup section */
		8493FAB81DC05CB200503928 /* Main.storyboard */ = {
			isa = PBXVariantGroup;
			children = (
				8493FAB91DC05CB200503928 /* Base */,
			);
			name = Main.storyboard;
			sourceTree = "<group>";
		};
		8493FAC01DC05CB200503928 /* LaunchScreen.storyboard */ = {
			isa = PBXVariantGroup;
			children = (
				8493FAC11DC05CB200503928 /* Base */,
			);
			name = LaunchScreen.storyboard;
			sourceTree = "<group>";
		};
/* End PBXVariantGroup section */

/* Begin XCBuildConfiguration section */
		8493FACF1DC05CB200503928 /* Debug */ = {
			isa = XCBuildConfiguration;
			buildSettings = {
				ALWAYS_SEARCH_USER_PATHS = NO;
				CLANG_ANALYZER_NONNULL = YES;
				CLANG_CXX_LANGUAGE_STANDARD = "gnu++0x";
				CLANG_CXX_LIBRARY = "libc++";
				CLANG_ENABLE_MODULES = YES;
				CLANG_ENABLE_OBJC_ARC = YES;
				CLANG_WARN_BOOL_CONVERSION = YES;
				CLANG_WARN_CONSTANT_CONVERSION = YES;
				CLANG_WARN_DIRECT_OBJC_ISA_USAGE = YES_ERROR;
				CLANG_WARN_DOCUMENTATION_COMMENTS = YES;
				CLANG_WARN_EMPTY_BODY = YES;
				CLANG_WARN_ENUM_CONVERSION = YES;
				CLANG_WARN_INFINITE_RECURSION = YES;
				CLANG_WARN_INT_CONVERSION = YES;
				CLANG_WARN_OBJC_ROOT_CLASS = YES_ERROR;
				CLANG_WARN_SUSPICIOUS_MOVES = YES;
				CLANG_WARN_UNREACHABLE_CODE = YES;
				CLANG_WARN__DUPLICATE_METHOD_MATCH = YES;
				"CODE_SIGN_IDENTITY[sdk=iphoneos*]" = "iPhone Developer";
				COPY_PHASE_STRIP = NO;
				DEBUG_INFORMATION_FORMAT = dwarf;
				ENABLE_STRICT_OBJC_MSGSEND = YES;
				ENABLE_TESTABILITY = YES;
				GCC_C_LANGUAGE_STANDARD = gnu99;
				GCC_DYNAMIC_NO_PIC = NO;
				GCC_NO_COMMON_BLOCKS = YES;
				GCC_OPTIMIZATION_LEVEL = 0;
				GCC_PREPROCESSOR_DEFINITIONS = (
					"DEBUG=1",
					"$(inherited)",
				);
				GCC_WARN_64_TO_32_BIT_CONVERSION = YES;
				GCC_WARN_ABOUT_RETURN_TYPE = YES_ERROR;
				GCC_WARN_UNDECLARED_SELECTOR = YES;
				GCC_WARN_UNINITIALIZED_AUTOS = YES_AGGRESSIVE;
				GCC_WARN_UNUSED_FUNCTION = YES;
				GCC_WARN_UNUSED_VARIABLE = YES;
				IPHONEOS_DEPLOYMENT_TARGET = 10.0;
				MTL_ENABLE_DEBUG_INFO = YES;
				ONLY_ACTIVE_ARCH = YES;
				SDKROOT = iphoneos;
				SWIFT_ACTIVE_COMPILATION_CONDITIONS = DEBUG;
				SWIFT_OPTIMIZATION_LEVEL = "-Onone";
			};
			name = Debug;
		};
		8493FAD01DC05CB200503928 /* Release */ = {
			isa = XCBuildConfiguration;
			buildSettings = {
				ALWAYS_SEARCH_USER_PATHS = NO;
				CLANG_ANALYZER_NONNULL = YES;
				CLANG_CXX_LANGUAGE_STANDARD = "gnu++0x";
				CLANG_CXX_LIBRARY = "libc++";
				CLANG_ENABLE_MODULES = YES;
				CLANG_ENABLE_OBJC_ARC = YES;
				CLANG_WARN_BOOL_CONVERSION = YES;
				CLANG_WARN_CONSTANT_CONVERSION = YES;
				CLANG_WARN_DIRECT_OBJC_ISA_USAGE = YES_ERROR;
				CLANG_WARN_DOCUMENTATION_COMMENTS = YES;
				CLANG_WARN_EMPTY_BODY = YES;
				CLANG_WARN_ENUM_CONVERSION = YES;
				CLANG_WARN_INFINITE_RECURSION = YES;
				CLANG_WARN_INT_CONVERSION = YES;
				CLANG_WARN_OBJC_ROOT_CLASS = YES_ERROR;
				CLANG_WARN_SUSPICIOUS_MOVES = YES;
				CLANG_WARN_UNREACHABLE_CODE = YES;
				CLANG_WARN__DUPLICATE_METHOD_MATCH = YES;
				"CODE_SIGN_IDENTITY[sdk=iphoneos*]" = "iPhone Developer";
				COPY_PHASE_STRIP = NO;
				DEBUG_INFORMATION_FORMAT = "dwarf-with-dsym";
				ENABLE_NS_ASSERTIONS = NO;
				ENABLE_STRICT_OBJC_MSGSEND = YES;
				GCC_C_LANGUAGE_STANDARD = gnu99;
				GCC_NO_COMMON_BLOCKS = YES;
				GCC_WARN_64_TO_32_BIT_CONVERSION = YES;
				GCC_WARN_ABOUT_RETURN_TYPE = YES_ERROR;
				GCC_WARN_UNDECLARED_SELECTOR = YES;
				GCC_WARN_UNINITIALIZED_AUTOS = YES_AGGRESSIVE;
				GCC_WARN_UNUSED_FUNCTION = YES;
				GCC_WARN_UNUSED_VARIABLE = YES;
				IPHONEOS_DEPLOYMENT_TARGET = 10.0;
				MTL_ENABLE_DEBUG_INFO = NO;
				SDKROOT = iphoneos;
				SWIFT_OPTIMIZATION_LEVEL = "-Owholemodule";
				VALIDATE_PRODUCT = YES;
			};
			name = Release;
		};
		8493FAD21DC05CB200503928 /* Debug */ = {
			isa = XCBuildConfiguration;
			buildSettings = {
				ASSETCATALOG_COMPILER_APPICON_NAME = AppIcon;
				DEVELOPMENT_TEAM = 7862VV7A86;
				INFOPLIST_FILE = MemoryLane/Info.plist;
				LD_RUNPATH_SEARCH_PATHS = "$(inherited) @executable_path/Frameworks";
				PRODUCT_BUNDLE_IDENTIFIER = com.meyamokevin.MemoryLane;
				PRODUCT_NAME = "$(TARGET_NAME)";
				SWIFT_VERSION = 3.0;
			};
			name = Debug;
		};
		8493FAD31DC05CB200503928 /* Release */ = {
			isa = XCBuildConfiguration;
			buildSettings = {
				ASSETCATALOG_COMPILER_APPICON_NAME = AppIcon;
				DEVELOPMENT_TEAM = 7862VV7A86;
				INFOPLIST_FILE = MemoryLane/Info.plist;
				LD_RUNPATH_SEARCH_PATHS = "$(inherited) @executable_path/Frameworks";
				PRODUCT_BUNDLE_IDENTIFIER = com.meyamokevin.MemoryLane;
				PRODUCT_NAME = "$(TARGET_NAME)";
				SWIFT_VERSION = 3.0;
			};
			name = Release;
		};
		8493FAD51DC05CB200503928 /* Debug */ = {
			isa = XCBuildConfiguration;
			buildSettings = {
				ALWAYS_EMBED_SWIFT_STANDARD_LIBRARIES = YES;
				BUNDLE_LOADER = "$(TEST_HOST)";
				DEVELOPMENT_TEAM = 7862VV7A86;
				INFOPLIST_FILE = MemoryLaneTests/Info.plist;
				LD_RUNPATH_SEARCH_PATHS = "$(inherited) @executable_path/Frameworks @loader_path/Frameworks";
				PRODUCT_BUNDLE_IDENTIFIER = com.meyamokevin.MemoryLaneTests;
				PRODUCT_NAME = "$(TARGET_NAME)";
				SWIFT_VERSION = 3.0;
				TEST_HOST = "$(BUILT_PRODUCTS_DIR)/MemoryLane.app/MemoryLane";
			};
			name = Debug;
		};
		8493FAD61DC05CB200503928 /* Release */ = {
			isa = XCBuildConfiguration;
			buildSettings = {
				ALWAYS_EMBED_SWIFT_STANDARD_LIBRARIES = YES;
				BUNDLE_LOADER = "$(TEST_HOST)";
				DEVELOPMENT_TEAM = 7862VV7A86;
				INFOPLIST_FILE = MemoryLaneTests/Info.plist;
				LD_RUNPATH_SEARCH_PATHS = "$(inherited) @executable_path/Frameworks @loader_path/Frameworks";
				PRODUCT_BUNDLE_IDENTIFIER = com.meyamokevin.MemoryLaneTests;
				PRODUCT_NAME = "$(TARGET_NAME)";
				SWIFT_VERSION = 3.0;
				TEST_HOST = "$(BUILT_PRODUCTS_DIR)/MemoryLane.app/MemoryLane";
			};
			name = Release;
		};
/* End XCBuildConfiguration section */

/* Begin XCConfigurationList section */
		8493FAAC1DC05CB200503928 /* Build configuration list for PBXProject "MemoryLane" */ = {
			isa = XCConfigurationList;
			buildConfigurations = (
				8493FACF1DC05CB200503928 /* Debug */,
				8493FAD01DC05CB200503928 /* Release */,
			);
			defaultConfigurationIsVisible = 0;
			defaultConfigurationName = Release;
		};
		8493FAD11DC05CB200503928 /* Build configuration list for PBXNativeTarget "MemoryLane" */ = {
			isa = XCConfigurationList;
			buildConfigurations = (
				8493FAD21DC05CB200503928 /* Debug */,
				8493FAD31DC05CB200503928 /* Release */,
			);
			defaultConfigurationIsVisible = 0;
		};
		8493FAD41DC05CB200503928 /* Build configuration list for PBXNativeTarget "MemoryLaneTests" */ = {
			isa = XCConfigurationList;
			buildConfigurations = (
				8493FAD51DC05CB200503928 /* Debug */,
				8493FAD61DC05CB200503928 /* Release */,
			);
			defaultConfigurationIsVisible = 0;
		};
/* End XCConfigurationList section */

/* Begin XCVersionGroup section */
		8493FABB1DC05CB200503928 /* MemoryLane.xcdatamodeld */ = {
			isa = XCVersionGroup;
			children = (
				8493FABC1DC05CB200503928 /* MemoryLane.xcdatamodel */,
			);
			currentVersion = 8493FABC1DC05CB200503928 /* MemoryLane.xcdatamodel */;
			path = MemoryLane.xcdatamodeld;
			sourceTree = "<group>";
			versionGroupType = wrapper.xcdatamodel;
		};
/* End XCVersionGroup section */
	};
	rootObject = 8493FAA91DC05CB200503928 /* Project object */;
}
